
Microsoft Visual Studio Solution File, Format Version 12.00
# Visual Studio Version 17
VisualStudioVersion = 17.4.33110.190
MinimumVisualStudioVersion = 10.0.40219.1
Project("{8BC9CEB8-8B4A-11D0-8D11-00A0C91BC942}") = "TD-Cpp", "TD-Cpp\TD-Cpp.vcxproj", "{49BE7B2F-5660-4E84-B0FF-CE0AF50ADA65}"
EndProject
Global
	GlobalSection(SolutionConfigurationPlatforms) = preSolution
		Debug|x64 = Debug|x64
		Debug|x86 = Debug|x86
		Release|x64 = Release|x64
		Release|x86 = Release|x86
	EndGlobalSection
	GlobalSection(ProjectConfigurationPlatforms) = postSolution
		{49BE7B2F-5660-4E84-B0FF-CE0AF50ADA65}.Debug|x64.ActiveCfg = Debug|x64
		{49BE7B2F-5660-4E84-B0FF-CE0AF50ADA65}.Debug|x64.Build.0 = Debug|x64
		{49BE7B2F-5660-4E84-B0FF-CE0AF50ADA65}.Debug|x86.ActiveCfg = Debug|Win32
		{49BE7B2F-5660-4E84-B0FF-CE0AF50ADA65}.Debug|x86.Build.0 = Debug|Win32
		{49BE7B2F-5660-4E84-B0FF-CE0AF50ADA65}.Release|x64.ActiveCfg = Release|x64
		{49BE7B2F-5660-4E84-B0FF-CE0AF50ADA65}.Release|x64.Build.0 = Release|x64
		{49BE7B2F-5660-4E84-B0FF-CE0AF50ADA65}.Release|x86.ActiveCfg = Release|Win32
		{49BE7B2F-5660-4E84-B0FF-CE0AF50ADA65}.Release|x86.Build.0 = Release|Win32
	EndGlobalSection
	GlobalSection(SolutionProperties) = preSolution
		HideSolutionNode = FALSE
	EndGlobalSection
	GlobalSection(ExtensibilityGlobals) = postSolution
		SolutionGuid = {45399C56-7DC4-41E3-AA40-7A67F2831FA9}
	EndGlobalSection
EndGlobal
